// !$*UTF8*$!
{
	archiveVersion = 1;
	classes = {
	};
	objectVersion = 46;
	objects = {

/* Begin PBXBuildFile section */
		DC69F7161D23C04600569FF6 /* main.m in Sources */ = {isa = PBXBuildFile; fileRef = DC69F7151D23C04600569FF6 /* main.m */; };
		DC69F7191D23C04600569FF6 /* AppDelegate.m in Sources */ = {isa = PBXBuildFile; fileRef = DC69F7181D23C04600569FF6 /* AppDelegate.m */; };
		DC69F71C1D23C04600569FF6 /* ViewController.m in Sources */ = {isa = PBXBuildFile; fileRef = DC69F71B1D23C04600569FF6 /* ViewController.m */; };
		DC69F71F1D23C04600569FF6 /* Main.storyboard in Resources */ = {isa = PBXBuildFile; fileRef = DC69F71D1D23C04600569FF6 /* Main.storyboard */; };
		DC69F7211D23C04600569FF6 /* Assets.xcassets in Resources */ = {isa = PBXBuildFile; fileRef = DC69F7201D23C04600569FF6 /* Assets.xcassets */; };
		DC69F7241D23C04600569FF6 /* LaunchScreen.storyboard in Resources */ = {isa = PBXBuildFile; fileRef = DC69F7221D23C04600569FF6 /* LaunchScreen.storyboard */; };
		DC69F72D1D23C05100569FF6 /* GNHLongused.m in Sources */ = {isa = PBXBuildFile; fileRef = DC69F72C1D23C05100569FF6 /* GNHLongused.m */; };
		DC69F7421D23C36200569FF6 /* VC2.m in Sources */ = {isa = PBXBuildFile; fileRef = DC69F7411D23C36200569FF6 /* VC2.m */; };
		DC69F7451D23C37000569FF6 /* VC3.m in Sources */ = {isa = PBXBuildFile; fileRef = DC69F7441D23C37000569FF6 /* VC3.m */; };
		DC69F74B1D23C76D00569FF6 /* RootVC.m in Sources */ = {isa = PBXBuildFile; fileRef = DC69F74A1D23C76D00569FF6 /* RootVC.m */; };
		DC97DD0B1D24B04200AEDA18 /* plistTools.m in Sources */ = {isa = PBXBuildFile; fileRef = DC97DD0A1D24B04200AEDA18 /* plistTools.m */; };
		DCF055011D2602F90088A380 /* RootTVC.m in Sources */ = {isa = PBXBuildFile; fileRef = DCF055001D2602F90088A380 /* RootTVC.m */; };
		DCF055041D2603310088A380 /* TVC2.m in Sources */ = {isa = PBXBuildFile; fileRef = DCF055031D2603310088A380 /* TVC2.m */; };
		DCF055071D26033A0088A380 /* TVC3.m in Sources */ = {isa = PBXBuildFile; fileRef = DCF055061D26033A0088A380 /* TVC3.m */; };
		DCF0550D1D2608980088A380 /* RootToVC.m in Sources */ = {isa = PBXBuildFile; fileRef = DCF0550C1D2608980088A380 /* RootToVC.m */; };
/* End PBXBuildFile section */

/* Begin PBXFileReference section */
		DC69F7111D23C04600569FF6 /* LongusedDemo.app */ = {isa = PBXFileReference; explicitFileType = wrapper.application; includeInIndex = 0; path = LongusedDemo.app; sourceTree = BUILT_PRODUCTS_DIR; };
		DC69F7151D23C04600569FF6 /* main.m */ = {isa = PBXFileReference; lastKnownFileType = sourcecode.c.objc; path = main.m; sourceTree = "<group>"; };
		DC69F7171D23C04600569FF6 /* AppDelegate.h */ = {isa = PBXFileReference; lastKnownFileType = sourcecode.c.h; path = AppDelegate.h; sourceTree = "<group>"; };
		DC69F7181D23C04600569FF6 /* AppDelegate.m */ = {isa = PBXFileReference; lastKnownFileType = sourcecode.c.objc; path = AppDelegate.m; sourceTree = "<group>"; };
		DC69F71A1D23C04600569FF6 /* ViewController.h */ = {isa = PBXFileReference; lastKnownFileType = sourcecode.c.h; path = ViewController.h; sourceTree = "<group>"; };
		DC69F71B1D23C04600569FF6 /* ViewController.m */ = {isa = PBXFileReference; lastKnownFileType = sourcecode.c.objc; path = ViewController.m; sourceTree = "<group>"; };
		DC69F71E1D23C04600569FF6 /* Base */ = {isa = PBXFileReference; lastKnownFileType = file.storyboard; name = Base; path = Base.lproj/Main.storyboard; sourceTree = "<group>"; };
		DC69F7201D23C04600569FF6 /* Assets.xcassets */ = {isa = PBXFileReference; lastKnownFileType = folder.assetcatalog; path = Assets.xcassets; sourceTree = "<group>"; };
		DC69F7231D23C04600569FF6 /* Base */ = {isa = PBXFileReference; lastKnownFileType = file.storyboard; name = Base; path = Base.lproj/LaunchScreen.storyboard; sourceTree = "<group>"; };
		DC69F7251D23C04600569FF6 /* Info.plist */ = {isa = PBXFileReference; lastKnownFileType = text.plist.xml; path = Info.plist; sourceTree = "<group>"; };
		DC69F72B1D23C05100569FF6 /* GNHLongused.h */ = {isa = PBXFileReference; fileEncoding = 4; lastKnownFileType = sourcecode.c.h; path = GNHLongused.h; sourceTree = "<group>"; };
		DC69F72C1D23C05100569FF6 /* GNHLongused.m */ = {isa = PBXFileReference; fileEncoding = 4; lastKnownFileType = sourcecode.c.objc; path = GNHLongused.m; sourceTree = "<group>"; };
		DC69F7401D23C36200569FF6 /* VC2.h */ = {isa = PBXFileReference; fileEncoding = 4; lastKnownFileType = sourcecode.c.h; path = VC2.h; sourceTree = "<group>"; };
		DC69F7411D23C36200569FF6 /* VC2.m */ = {isa = PBXFileReference; fileEncoding = 4; lastKnownFileType = sourcecode.c.objc; path = VC2.m; sourceTree = "<group>"; };
		DC69F7431D23C37000569FF6 /* VC3.h */ = {isa = PBXFileReference; fileEncoding = 4; lastKnownFileType = sourcecode.c.h; path = VC3.h; sourceTree = "<group>"; };
		DC69F7441D23C37000569FF6 /* VC3.m */ = {isa = PBXFileReference; fileEncoding = 4; lastKnownFileType = sourcecode.c.objc; path = VC3.m; sourceTree = "<group>"; };
		DC69F7491D23C76D00569FF6 /* RootVC.h */ = {isa = PBXFileReference; fileEncoding = 4; lastKnownFileType = sourcecode.c.h; path = RootVC.h; sourceTree = "<group>"; };
		DC69F74A1D23C76D00569FF6 /* RootVC.m */ = {isa = PBXFileReference; fileEncoding = 4; lastKnownFileType = sourcecode.c.objc; path = RootVC.m; sourceTree = "<group>"; };
		DC97DD091D24B04200AEDA18 /* plistTools.h */ = {isa = PBXFileReference; fileEncoding = 4; lastKnownFileType = sourcecode.c.h; path = plistTools.h; sourceTree = "<group>"; };
		DC97DD0A1D24B04200AEDA18 /* plistTools.m */ = {isa = PBXFileReference; fileEncoding = 4; lastKnownFileType = sourcecode.c.objc; path = plistTools.m; sourceTree = "<group>"; };
		DCF054FF1D2602F90088A380 /* RootTVC.h */ = {isa = PBXFileReference; fileEncoding = 4; lastKnownFileType = sourcecode.c.h; path = RootTVC.h; sourceTree = "<group>"; };
		DCF055001D2602F90088A380 /* RootTVC.m */ = {isa = PBXFileReference; fileEncoding = 4; lastKnownFileType = sourcecode.c.objc; path = RootTVC.m; sourceTree = "<group>"; };
		DCF055021D2603310088A380 /* TVC2.h */ = {isa = PBXFileReference; fileEncoding = 4; lastKnownFileType = sourcecode.c.h; path = TVC2.h; sourceTree = "<group>"; };
		DCF055031D2603310088A380 /* TVC2.m */ = {isa = PBXFileReference; fileEncoding = 4; lastKnownFileType = sourcecode.c.objc; path = TVC2.m; sourceTree = "<group>"; };
		DCF055051D26033A0088A380 /* TVC3.h */ = {isa = PBXFileReference; fileEncoding = 4; lastKnownFileType = sourcecode.c.h; path = TVC3.h; sourceTree = "<group>"; };
		DCF055061D26033A0088A380 /* TVC3.m */ = {isa = PBXFileReference; fileEncoding = 4; lastKnownFileType = sourcecode.c.objc; path = TVC3.m; sourceTree = "<group>"; };
		DCF0550B1D2608980088A380 /* RootToVC.h */ = {isa = PBXFileReference; fileEncoding = 4; lastKnownFileType = sourcecode.c.h; path = RootToVC.h; sourceTree = "<group>"; };
		DCF0550C1D2608980088A380 /* RootToVC.m */ = {isa = PBXFileReference; fileEncoding = 4; lastKnownFileType = sourcecode.c.objc; path = RootToVC.m; sourceTree = "<group>"; };
/* End PBXFileReference section */

/* Begin PBXFrameworksBuildPhase section */
		DC69F70E1D23C04600569FF6 /* Frameworks */ = {
			isa = PBXFrameworksBuildPhase;
			buildActionMask = 2147483647;
			files = (
			);
			runOnlyForDeploymentPostprocessing = 0;
		};
/* End PBXFrameworksBuildPhase section */

/* Begin PBXGroup section */
		DC69F7081D23C04600569FF6 = {
			isa = PBXGroup;
			children = (
				DC69F7131D23C04600569FF6 /* LongusedDemo */,
				DC69F7121D23C04600569FF6 /* Products */,
			);
			sourceTree = "<group>";
		};
		DC69F7121D23C04600569FF6 /* Products */ = {
			isa = PBXGroup;
			children = (
				DC69F7111D23C04600569FF6 /* LongusedDemo.app */,
			);
			name = Products;
			sourceTree = "<group>";
		};
		DC69F7131D23C04600569FF6 /* LongusedDemo */ = {
			isa = PBXGroup;
			children = (
				DC69F72B1D23C05100569FF6 /* GNHLongused.h */,
				DC69F72C1D23C05100569FF6 /* GNHLongused.m */,
				DC69F7171D23C04600569FF6 /* AppDelegate.h */,
				DC69F7181D23C04600569FF6 /* AppDelegate.m */,
				DC69F71A1D23C04600569FF6 /* ViewController.h */,
				DC69F71B1D23C04600569FF6 /* ViewController.m */,
				DCF055141D2615840088A380 /* root */,
				DC97DD091D24B04200AEDA18 /* plistTools.h */,
				DC97DD0A1D24B04200AEDA18 /* plistTools.m */,
				DC69F7401D23C36200569FF6 /* VC2.h */,
				DC69F7411D23C36200569FF6 /* VC2.m */,
				DC69F7431D23C37000569FF6 /* VC3.h */,
				DC69F7441D23C37000569FF6 /* VC3.m */,
				DCF055021D2603310088A380 /* TVC2.h */,
				DCF055031D2603310088A380 /* TVC2.m */,
				DCF055051D26033A0088A380 /* TVC3.h */,
				DCF055061D26033A0088A380 /* TVC3.m */,
				DC69F71D1D23C04600569FF6 /* Main.storyboard */,
				DC69F7201D23C04600569FF6 /* Assets.xcassets */,
				DC69F7221D23C04600569FF6 /* LaunchScreen.storyboard */,
				DC69F7251D23C04600569FF6 /* Info.plist */,
				DC69F7141D23C04600569FF6 /* Supporting Files */,
			);
			path = LongusedDemo;
			sourceTree = "<group>";
		};
		DC69F7141D23C04600569FF6 /* Supporting Files */ = {
			isa = PBXGroup;
			children = (
				DC69F7151D23C04600569FF6 /* main.m */,
			);
			name = "Supporting Files";
			sourceTree = "<group>";
		};
		DCF055141D2615840088A380 /* root */ = {
			isa = PBXGroup;
			children = (
				DCF0550B1D2608980088A380 /* RootToVC.h */,
				DCF0550C1D2608980088A380 /* RootToVC.m */,
				DC69F7491D23C76D00569FF6 /* RootVC.h */,
				DC69F74A1D23C76D00569FF6 /* RootVC.m */,
				DCF054FF1D2602F90088A380 /* RootTVC.h */,
				DCF055001D2602F90088A380 /* RootTVC.m */,
			);
			name = root;
			sourceTree = "<group>";
		};
/* End PBXGroup section */

/* Begin PBXNativeTarget section */
		DC69F7101D23C04600569FF6 /* LongusedDemo */ = {
			isa = PBXNativeTarget;
			buildConfigurationList = DC69F7281D23C04600569FF6 /* Build configuration list for PBXNativeTarget "LongusedDemo" */;
			buildPhases = (
				DC69F70D1D23C04600569FF6 /* Sources */,
				DC69F70E1D23C04600569FF6 /* Frameworks */,
				DC69F70F1D23C04600569FF6 /* Resources */,
			);
			buildRules = (
			);
			dependencies = (
			);
			name = LongusedDemo;
			productName = LongusedDemo;
			productReference = DC69F7111D23C04600569FF6 /* LongusedDemo.app */;
			productType = "com.apple.product-type.application";
		};
/* End PBXNativeTarget section */

/* Begin PBXProject section */
		DC69F7091D23C04600569FF6 /* Project object */ = {
			isa = PBXProject;
			attributes = {
				LastUpgradeCheck = 0730;
				ORGANIZATIONNAME = Demo;
				TargetAttributes = {
					DC69F7101D23C04600569FF6 = {
						CreatedOnToolsVersion = 7.3;
					};
				};
			};
			buildConfigurationList = DC69F70C1D23C04600569FF6 /* Build configuration list for PBXProject "LongusedDemo" */;
			compatibilityVersion = "Xcode 3.2";
			developmentRegion = English;
			hasScannedForEncodings = 0;
			knownRegions = (
				en,
				Base,
			);
			mainGroup = DC69F7081D23C04600569FF6;
			productRefGroup = DC69F7121D23C04600569FF6 /* Products */;
			projectDirPath = "";
			projectRoot = "";
			targets = (
				DC69F7101D23C04600569FF6 /* LongusedDemo */,
			);
		};
/* End PBXProject section */

/* Begin PBXResourcesBuildPhase section */
		DC69F70F1D23C04600569FF6 /* Resources */ = {
			isa = PBXResourcesBuildPhase;
			buildActionMask = 2147483647;
			files = (
				DC69F7241D23C04600569FF6 /* LaunchScreen.storyboard in Resources */,
				DC69F7211D23C04600569FF6 /* Assets.xcassets in Resources */,
				DC69F71F1D23C04600569FF6 /* Main.storyboard in Resources */,
			);
			runOnlyForDeploymentPostprocessing = 0;
		};
/* End PBXResourcesBuildPhase section */

/* Begin PBXSourcesBuildPhase section */
		DC69F70D1D23C04600569FF6 /* Sources */ = {
			isa = PBXSourcesBuildPhase;
			buildActionMask = 2147483647;
			files = (
				DCF055071D26033A0088A380 /* TVC3.m in Sources */,
				DCF055041D2603310088A380 /* TVC2.m in Sources */,
				DC69F74B1D23C76D00569FF6 /* RootVC.m in Sources */,
				DCF055011D2602F90088A380 /* RootTVC.m in Sources */,
				DC69F7451D23C37000569FF6 /* VC3.m in Sources */,
				DC69F71C1D23C04600569FF6 /* ViewController.m in Sources */,
				DC69F7191D23C04600569FF6 /* AppDelegate.m in Sources */,
				DC97DD0B1D24B04200AEDA18 /* plistTools.m in Sources */,
				DC69F7421D23C36200569FF6 /* VC2.m in Sources */,
				DCF0550D1D2608980088A380 /* RootToVC.m in Sources */,
				DC69F72D1D23C05100569FF6 /* GNHLongused.m in Sources */,
				DC69F7161D23C04600569FF6 /* main.m in Sources */,
			);
			runOnlyForDeploymentPostprocessing = 0;
		};
/* End PBXSourcesBuildPhase section */

/* Begin PBXVariantGroup section */
		DC69F71D1D23C04600569FF6 /* Main.storyboard */ = {
			isa = PBXVariantGroup;
			children = (
				DC69F71E1D23C04600569FF6 /* Base */,
			);
			name = Main.storyboard;
			sourceTree = "<group>";
		};
		DC69F7221D23C04600569FF6 /* LaunchScreen.storyboard */ = {
			isa = PBXVariantGroup;
			children = (
				DC69F7231D23C04600569FF6 /* Base */,
			);
			name = LaunchScreen.storyboard;
			sourceTree = "<group>";
		};
/* End PBXVariantGroup section */

/* Begin XCBuildConfiguration section */
		DC69F7261D23C04600569FF6 /* Debug */ = {
			isa = XCBuildConfiguration;
			buildSettings = {
				ALWAYS_SEARCH_USER_PATHS = NO;
				CLANG_ANALYZER_NONNULL = YES;
				CLANG_CXX_LANGUAGE_STANDARD = "gnu++0x";
				CLANG_CXX_LIBRARY = "libc++";
				CLANG_ENABLE_MODULES = YES;
				CLANG_ENABLE_OBJC_ARC = YES;
				CLANG_WARN_BOOL_CONVERSION = YES;
				CLANG_WARN_CONSTANT_CONVERSION = YES;
				CLANG_WARN_DIRECT_OBJC_ISA_USAGE = YES_ERROR;
				CLANG_WARN_EMPTY_BODY = YES;
				CLANG_WARN_ENUM_CONVERSION = YES;
				CLANG_WARN_INT_CONVERSION = YES;
				CLANG_WARN_OBJC_ROOT_CLASS = YES_ERROR;
				CLANG_WARN_UNREACHABLE_CODE = YES;
				CLANG_WARN__DUPLICATE_METHOD_MATCH = YES;
				"CODE_SIGN_IDENTITY[sdk=iphoneos*]" = "iPhone Developer";
				COPY_PHASE_STRIP = NO;
				DEBUG_INFORMATION_FORMAT = dwarf;
				ENABLE_STRICT_OBJC_MSGSEND = YES;
				ENABLE_TESTABILITY = YES;
				GCC_C_LANGUAGE_STANDARD = gnu99;
				GCC_DYNAMIC_NO_PIC = NO;
				GCC_NO_COMMON_BLOCKS = YES;
				GCC_OPTIMIZATION_LEVEL = 0;
				GCC_PREPROCESSOR_DEFINITIONS = (
					"DEBUG=1",
					"$(inherited)",
				);
				GCC_WARN_64_TO_32_BIT_CONVERSION = YES;
				GCC_WARN_ABOUT_RETURN_TYPE = YES_ERROR;
				GCC_WARN_UNDECLARED_SELECTOR = YES;
				GCC_WARN_UNINITIALIZED_AUTOS = YES_AGGRESSIVE;
				GCC_WARN_UNUSED_FUNCTION = YES;
				GCC_WARN_UNUSED_VARIABLE = YES;
				IPHONEOS_DEPLOYMENT_TARGET = 9.3;
				MTL_ENABLE_DEBUG_INFO = YES;
				ONLY_ACTIVE_ARCH = YES;
				SDKROOT = iphoneos;
			};
			name = Debug;
		};
		DC69F7271D23C04600569FF6 /* Release */ = {
			isa = XCBuildConfiguration;
			buildSettings = {
				ALWAYS_SEARCH_USER_PATHS = NO;
				CLANG_ANALYZER_NONNULL = YES;
				CLANG_CXX_LANGUAGE_STANDARD = "gnu++0x";
				CLANG_CXX_LIBRARY = "libc++";
				CLANG_ENABLE_MODULES = YES;
				CLANG_ENABLE_OBJC_ARC = YES;
				CLANG_WARN_BOOL_CONVERSION = YES;
				CLANG_WARN_CONSTANT_CONVERSION = YES;
				CLANG_WARN_DIRECT_OBJC_ISA_USAGE = YES_ERROR;
				CLANG_WARN_EMPTY_BODY = YES;
				CLANG_WARN_ENUM_CONVERSION = YES;
				CLANG_WARN_INT_CONVERSION = YES;
				CLANG_WARN_OBJC_ROOT_CLASS = YES_ERROR;
				CLANG_WARN_UNREACHABLE_CODE = YES;
				CLANG_WARN__DUPLICATE_METHOD_MATCH = YES;
				"CODE_SIGN_IDENTITY[sdk=iphoneos*]" = "iPhone Developer";
				COPY_PHASE_STRIP = NO;
				DEBUG_INFORMATION_FORMAT = "dwarf-with-dsym";
				ENABLE_NS_ASSERTIONS = NO;
				ENABLE_STRICT_OBJC_MSGSEND = YES;
				GCC_C_LANGUAGE_STANDARD = gnu99;
				GCC_NO_COMMON_BLOCKS = YES;
				GCC_WARN_64_TO_32_BIT_CONVERSION = YES;
				GCC_WARN_ABOUT_RETURN_TYPE = YES_ERROR;
				GCC_WARN_UNDECLARED_SELECTOR = YES;
				GCC_WARN_UNINITIALIZED_AUTOS = YES_AGGRESSIVE;
				GCC_WARN_UNUSED_FUNCTION = YES;
				GCC_WARN_UNUSED_VARIABLE = YES;
				IPHONEOS_DEPLOYMENT_TARGET = 9.3;
				MTL_ENABLE_DEBUG_INFO = NO;
				SDKROOT = iphoneos;
				VALIDATE_PRODUCT = YES;
			};
			name = Release;
		};
		DC69F7291D23C04600569FF6 /* Debug */ = {
			isa = XCBuildConfiguration;
			buildSettings = {
				ASSETCATALOG_COMPILER_APPICON_NAME = AppIcon;
				CODE_SIGN_IDENTITY = "iPhone Developer";
				INFOPLIST_FILE = LongusedDemo/Info.plist;
				IPHONEOS_DEPLOYMENT_TARGET = 7.1;
				LD_RUNPATH_SEARCH_PATHS = "$(inherited) @executable_path/Frameworks";
				PRODUCT_BUNDLE_IDENTIFIER = "--.LongusedDemo";
				PRODUCT_NAME = "$(TARGET_NAME)";
			};
			name = Debug;
		};
		DC69F72A1D23C04600569FF6 /* Release */ = {
			isa = XCBuildConfiguration;
			buildSettings = {
				ASSETCATALOG_COMPILER_APPICON_NAME = AppIcon;
				CODE_SIGN_IDENTITY = "iPhone Developer";
				INFOPLIST_FILE = LongusedDemo/Info.plist;
				IPHONEOS_DEPLOYMENT_TARGET = 7.1;
				LD_RUNPATH_SEARCH_PATHS = "$(inherited) @executable_path/Frameworks";
				PRODUCT_BUNDLE_IDENTIFIER = "--.LongusedDemo";
				PRODUCT_NAME = "$(TARGET_NAME)";
			};
			name = Release;
		};
/* End XCBuildConfiguration section */

/* Begin XCConfigurationList section */
		DC69F70C1D23C04600569FF6 /* Build configuration list for PBXProject "LongusedDemo" */ = {
			isa = XCConfigurationList;
			buildConfigurations = (
				DC69F7261D23C04600569FF6 /* Debug */,
				DC69F7271D23C04600569FF6 /* Release */,
			);
			defaultConfigurationIsVisible = 0;
			defaultConfigurationName = Release;
		};
		DC69F7281D23C04600569FF6 /* Build configuration list for PBXNativeTarget "LongusedDemo" */ = {
			isa = XCConfigurationList;
			buildConfigurations = (
				DC69F7291D23C04600569FF6 /* Debug */,
				DC69F72A1D23C04600569FF6 /* Release */,
			);
			defaultConfigurationIsVisible = 0;
			defaultConfigurationName = Release;
		};
/* End XCConfigurationList section */
	};
	rootObject = DC69F7091D23C04600569FF6 /* Project object */;
}
